
Microsoft Visual Studio Solution File, Format Version 12.00
# Visual Studio 15
VisualStudioVersion = 15.0.26730.15
MinimumVisualStudioVersion = 10.0.40219.1
Project("{FAE04EC0-301F-11D3-BF4B-00C04F79EFBC}") = "Generics", "Generics\Generics.csproj", "{C2007473-3227-4CCE-9CAD-DF20DF406A0F}"
EndProject
Project("{FAE04EC0-301F-11D3-BF4B-00C04F79EFBC}") = "Delegates", "Delegates\Delegates.csproj", "{744C4859-BBCA-49A2-9957-FF47F72F871D}"
EndProject
Project("{FAE04EC0-301F-11D3-BF4B-00C04F79EFBC}") = "LambdaExpressions", "LambdaExpressions\LambdaExpressions.csproj", "{2F54603E-D172-4790-8F2B-6F566F1481EF}"
EndProject
Project("{FAE04EC0-301F-11D3-BF4B-00C04F79EFBC}") = "Events", "Events\Events.csproj", "{85034A83-E5B6-4977-8D1A-7AAB97F48A35}"
EndProject
Project("{FAE04EC0-301F-11D3-BF4B-00C04F79EFBC}") = "Extension Methods", "Extension Methods\Extension Methods.csproj", "{3182490E-AB0C-4162-A904-1AA6EE9B531C}"
EndProject
Project("{FAE04EC0-301F-11D3-BF4B-00C04F79EFBC}") = "MyLinq", "MyLinq\MyLinq.csproj", "{997CE2E2-6FD9-4384-9EEE-D3DDFD6F12B5}"
EndProject
Global
	GlobalSection(SolutionConfigurationPlatforms) = preSolution
		Debug|Any CPU = Debug|Any CPU
		Release|Any CPU = Release|Any CPU
	EndGlobalSection
	GlobalSection(ProjectConfigurationPlatforms) = postSolution
		{C2007473-3227-4CCE-9CAD-DF20DF406A0F}.Debug|Any CPU.ActiveCfg = Debug|Any CPU
		{C2007473-3227-4CCE-9CAD-DF20DF406A0F}.Debug|Any CPU.Build.0 = Debug|Any CPU
		{C2007473-3227-4CCE-9CAD-DF20DF406A0F}.Release|Any CPU.ActiveCfg = Release|Any CPU
		{C2007473-3227-4CCE-9CAD-DF20DF406A0F}.Release|Any CPU.Build.0 = Release|Any CPU
		{744C4859-BBCA-49A2-9957-FF47F72F871D}.Debug|Any CPU.ActiveCfg = Debug|Any CPU
		{744C4859-BBCA-49A2-9957-FF47F72F871D}.Debug|Any CPU.Build.0 = Debug|Any CPU
		{744C4859-BBCA-49A2-9957-FF47F72F871D}.Release|Any CPU.ActiveCfg = Release|Any CPU
		{744C4859-BBCA-49A2-9957-FF47F72F871D}.Release|Any CPU.Build.0 = Release|Any CPU
		{2F54603E-D172-4790-8F2B-6F566F1481EF}.Debug|Any CPU.ActiveCfg = Debug|Any CPU
		{2F54603E-D172-4790-8F2B-6F566F1481EF}.Debug|Any CPU.Build.0 = Debug|Any CPU
		{2F54603E-D172-4790-8F2B-6F566F1481EF}.Release|Any CPU.ActiveCfg = Release|Any CPU
		{2F54603E-D172-4790-8F2B-6F566F1481EF}.Release|Any CPU.Build.0 = Release|Any CPU
		{85034A83-E5B6-4977-8D1A-7AAB97F48A35}.Debug|Any CPU.ActiveCfg = Debug|Any CPU
		{85034A83-E5B6-4977-8D1A-7AAB97F48A35}.Debug|Any CPU.Build.0 = Debug|Any CPU
		{85034A83-E5B6-4977-8D1A-7AAB97F48A35}.Release|Any CPU.ActiveCfg = Release|Any CPU
		{85034A83-E5B6-4977-8D1A-7AAB97F48A35}.Release|Any CPU.Build.0 = Release|Any CPU
		{3182490E-AB0C-4162-A904-1AA6EE9B531C}.Debug|Any CPU.ActiveCfg = Debug|Any CPU
		{3182490E-AB0C-4162-A904-1AA6EE9B531C}.Debug|Any CPU.Build.0 = Debug|Any CPU
		{3182490E-AB0C-4162-A904-1AA6EE9B531C}.Release|Any CPU.ActiveCfg = Release|Any CPU
		{3182490E-AB0C-4162-A904-1AA6EE9B531C}.Release|Any CPU.Build.0 = Release|Any CPU
		{997CE2E2-6FD9-4384-9EEE-D3DDFD6F12B5}.Debug|Any CPU.ActiveCfg = Debug|Any CPU
		{997CE2E2-6FD9-4384-9EEE-D3DDFD6F12B5}.Debug|Any CPU.Build.0 = Debug|Any CPU
		{997CE2E2-6FD9-4384-9EEE-D3DDFD6F12B5}.Release|Any CPU.ActiveCfg = Release|Any CPU
		{997CE2E2-6FD9-4384-9EEE-D3DDFD6F12B5}.Release|Any CPU.Build.0 = Release|Any CPU
	EndGlobalSection
	GlobalSection(SolutionProperties) = preSolution
		HideSolutionNode = FALSE
	EndGlobalSection
	GlobalSection(ExtensibilityGlobals) = postSolution
		SolutionGuid = {93F7F8DD-73A4-4AB3-8D02-82642F42E958}
	EndGlobalSection
EndGlobal
